
Microsoft Visual Studio Solution File, Format Version 12.00
# Visual Studio 15
VisualStudioVersion = 15.0.27130.2020
MinimumVisualStudioVersion = 10.0.40219.1
Project("{9A19103F-16F7-4668-BE54-9A1E7A4F7556}") = "InsBrokEntRes", "InsBrokEntRes\InsBrokEntRes.csproj", "{8F85621A-16F3-481A-A0EE-1082E923C11B}"
EndProject
Project("{9A19103F-16F7-4668-BE54-9A1E7A4F7556}") = "SumOfMultiples", "SumOfMultiples\SumOfMultiples.csproj", "{BEF4202F-AEF4-4BBD-A4E1-063B2C6DC751}"
EndProject
Project("{9A19103F-16F7-4668-BE54-9A1E7A4F7556}") = "DiCoreConsole", "DiCoreConsole\DiCoreConsole.csproj", "{565D6E51-0150-4765-B536-167FAAEDEFCA}"
EndProject
Project("{9A19103F-16F7-4668-BE54-9A1E7A4F7556}") = "DiCore", "DiCore\DiCore.csproj", "{D73AFEA8-DF16-411C-937A-F402EEC23D90}"
EndProject
Project("{9A19103F-16F7-4668-BE54-9A1E7A4F7556}") = "DiSumOfMultiples", "DiSumOfMultiples\DiSumOfMultiples.csproj", "{367D12A1-DAE5-412E-9341-68462E4C9794}"
EndProject
Project("{9A19103F-16F7-4668-BE54-9A1E7A4F7556}") = "EntityResolution", "EntityResolution\EntityResolution.csproj", "{694368A8-B7BC-4386-9E62-D7225F21C6FC}"
EndProject
Project("{FAE04EC0-301F-11D3-BF4B-00C04F79EFBC}") = "DivComLedger", "DivComLedger\DivComLedger.csproj", "{0F7D0AA5-1945-4665-B2B7-19E7D479478F}"
EndProject
Global
	GlobalSection(SolutionConfigurationPlatforms) = preSolution
		Debug|Any CPU = Debug|Any CPU
		Release|Any CPU = Release|Any CPU
	EndGlobalSection
	GlobalSection(ProjectConfigurationPlatforms) = postSolution
		{8F85621A-16F3-481A-A0EE-1082E923C11B}.Debug|Any CPU.ActiveCfg = Debug|Any CPU
		{8F85621A-16F3-481A-A0EE-1082E923C11B}.Debug|Any CPU.Build.0 = Debug|Any CPU
		{8F85621A-16F3-481A-A0EE-1082E923C11B}.Release|Any CPU.ActiveCfg = Release|Any CPU
		{8F85621A-16F3-481A-A0EE-1082E923C11B}.Release|Any CPU.Build.0 = Release|Any CPU
		{BEF4202F-AEF4-4BBD-A4E1-063B2C6DC751}.Debug|Any CPU.ActiveCfg = Debug|Any CPU
		{BEF4202F-AEF4-4BBD-A4E1-063B2C6DC751}.Debug|Any CPU.Build.0 = Debug|Any CPU
		{BEF4202F-AEF4-4BBD-A4E1-063B2C6DC751}.Release|Any CPU.ActiveCfg = Release|Any CPU
		{BEF4202F-AEF4-4BBD-A4E1-063B2C6DC751}.Release|Any CPU.Build.0 = Release|Any CPU
		{565D6E51-0150-4765-B536-167FAAEDEFCA}.Debug|Any CPU.ActiveCfg = Debug|Any CPU
		{565D6E51-0150-4765-B536-167FAAEDEFCA}.Debug|Any CPU.Build.0 = Debug|Any CPU
		{565D6E51-0150-4765-B536-167FAAEDEFCA}.Release|Any CPU.ActiveCfg = Release|Any CPU
		{565D6E51-0150-4765-B536-167FAAEDEFCA}.Release|Any CPU.Build.0 = Release|Any CPU
		{D73AFEA8-DF16-411C-937A-F402EEC23D90}.Debug|Any CPU.ActiveCfg = Debug|Any CPU
		{D73AFEA8-DF16-411C-937A-F402EEC23D90}.Debug|Any CPU.Build.0 = Debug|Any CPU
		{D73AFEA8-DF16-411C-937A-F402EEC23D90}.Release|Any CPU.ActiveCfg = Release|Any CPU
		{D73AFEA8-DF16-411C-937A-F402EEC23D90}.Release|Any CPU.Build.0 = Release|Any CPU
		{367D12A1-DAE5-412E-9341-68462E4C9794}.Debug|Any CPU.ActiveCfg = Debug|Any CPU
		{367D12A1-DAE5-412E-9341-68462E4C9794}.Debug|Any CPU.Build.0 = Debug|Any CPU
		{367D12A1-DAE5-412E-9341-68462E4C9794}.Release|Any CPU.ActiveCfg = Release|Any CPU
		{367D12A1-DAE5-412E-9341-68462E4C9794}.Release|Any CPU.Build.0 = Release|Any CPU
		{694368A8-B7BC-4386-9E62-D7225F21C6FC}.Debug|Any CPU.ActiveCfg = Debug|Any CPU
		{694368A8-B7BC-4386-9E62-D7225F21C6FC}.Debug|Any CPU.Build.0 = Debug|Any CPU
		{694368A8-B7BC-4386-9E62-D7225F21C6FC}.Release|Any CPU.ActiveCfg = Release|Any CPU
		{694368A8-B7BC-4386-9E62-D7225F21C6FC}.Release|Any CPU.Build.0 = Release|Any CPU
		{0F7D0AA5-1945-4665-B2B7-19E7D479478F}.Debug|Any CPU.ActiveCfg = Debug|Any CPU
		{0F7D0AA5-1945-4665-B2B7-19E7D479478F}.Debug|Any CPU.Build.0 = Debug|Any CPU
		{0F7D0AA5-1945-4665-B2B7-19E7D479478F}.Release|Any CPU.ActiveCfg = Release|Any CPU
		{0F7D0AA5-1945-4665-B2B7-19E7D479478F}.Release|Any CPU.Build.0 = Release|Any CPU
	EndGlobalSection
	GlobalSection(SolutionProperties) = preSolution
		HideSolutionNode = FALSE
	EndGlobalSection
	GlobalSection(ExtensibilityGlobals) = postSolution
		SolutionGuid = {31C9A37A-3F99-4B4C-B71F-ECC2FFB154ED}
	EndGlobalSection
EndGlobal
